{
  "version": 4,
  "terraform_version": "1.12.2",
  "serial": 26,
  "lineage": "346ee0d3-9f27-4fbf-6c93-f49aba595902",
  "outputs": {},
  "resources": [
    {
      "mode": "managed",
      "type": "yandex_kubernetes_cluster",
      "name": "k8s-cluster",
      "provider": "provider[\"registry.terraform.io/yandex-cloud/yandex\"]",
      "instances": [
        {
          "schema_version": 0,
          "attributes": {
            "cluster_ipv4_range": "10.112.0.0/16",
            "cluster_ipv6_range": "",
            "created_at": "2025-07-27T09:29:46Z",
            "description": "",
            "folder_id": "b1g8bhea8jjaic4ei21d",
            "health": "healthy",
            "id": "catkbdqtgvomdoeao42k",
            "kms_provider": [],
            "labels": {},
            "log_group_id": "",
            "master": [
              {
                "cluster_ca_certificate": "-----BEGIN CERTIFICATE-----\nMIIC5zCCAc+gAwIBAgIBADANBgkqhkiG9w0BAQsFADAVMRMwEQYDVQQDEwprdWJl\ncm5ldGVzMB4XDTI1MDcyNzA5MzAzMFoXDTM1MDcyNTA5MzAzMFowFTETMBEGA1UE\nAxMKa3ViZXJuZXRlczCCASIwDQYJKoZIhvcNAQEBBQADggEPADCCAQoCggEBAKBi\nFffZxO1lOQlfX10kEuKs63DGN62uahQfWJcbQf/o4w650P38vP/caL52g/p/UCRL\nWmwSkncxtgpZ/rKQ6Sgqz6efBFkFjLsEfUjzrxkIVD1qCqFJiOQEu8mnxVaYXuO7\niUm4gXQUvGtCELDDiP+MSeV7pq67BEzGbelTDPsHZG/3CfFaCrIgWTL+Kso5+bhj\nvpxxUzM2sq/89nZ9WgXMR2TiQYw/TyJMBQtURIgR3GjuRfS0g6uo4ZdWUl6r+z3+\nKlA4Ch9/5SCJxytqIqjmyyZgm3Xhoz61Mc5RqKBXjo56qvvqjcgdRcCy88oGGcB/\nF2a9rVPONhtUTLSy4UsCAwEAAaNCMEAwDgYDVR0PAQH/BAQDAgKkMA8GA1UdEwEB\n/wQFMAMBAf8wHQYDVR0OBBYEFKSO8B5xdlgF2FR4bgHM75P09pMHMA0GCSqGSIb3\nDQEBCwUAA4IBAQB3jwTv6OAPllg9dKe7a1mSXNWbRQEw472OmjbKDWkddrZWU0fR\nPZV+GZGPYJWVSSKYB0VnEYGu9Y6lGbjXVxuPWC6GNxM331QAxIEKzuuMtlNE36lM\nOCfdEtj4mP3+GYTCIpyxNqcRctNcbZ7o3X+PNufAZy3EfNNuJn2LuhpyEfrBZ44e\nZRbOp6nD2OCWmWYhYf9CeenmEFxuY5QizT0i98FG1RpK9ryCWVT/XcrKbpBV7IMw\nKFMxTmonEZJkXHgdDnVVa7XloIUS9fhN30pURn9/UnDKD3b8Ptl1xWGyQ0S2UuGn\n8mvqfiE/PVLHItdKpn+Jnr66bNc4+hd8H1JA\n-----END CERTIFICATE-----\n",
                "etcd_cluster_size": 1,
                "external_v4_address": "158.160.51.24",
                "external_v4_endpoint": "https://158.160.51.24",
                "external_v6_address": "",
                "external_v6_endpoint": "",
                "internal_v4_address": "10.10.0.19",
                "internal_v4_endpoint": "https://10.10.0.19",
                "maintenance_policy": [
                  {
                    "auto_upgrade": true,
                    "maintenance_window": []
                  }
                ],
                "master_location": [
                  {
                    "subnet_id": "e9b5pkec9rqf9b1tkc5s",
                    "zone": "ru-central1-a"
                  }
                ],
                "master_logging": [],
                "public_ip": true,
                "regional": [],
                "security_group_ids": [],
                "version": "1.29",
                "version_info": [
                  {
                    "current_version": "1.29",
                    "new_revision_available": false,
                    "new_revision_summary": "",
                    "version_deprecated": false
                  }
                ],
                "zonal": [
                  {
                    "subnet_id": "e9b5pkec9rqf9b1tkc5s",
                    "zone": "ru-central1-a"
                  }
                ]
              }
            ],
            "name": "my-k8s-cluster",
            "network_id": "enpgd7v3b68rchubfcl4",
            "network_implementation": [],
            "network_policy_provider": null,
            "node_ipv4_cidr_mask_size": 24,
            "node_service_account_id": "ajeanqkke0l40ss4762l",
            "release_channel": "STABLE",
            "service_account_id": "aje5ro821u1aiotagrjh",
            "service_ipv4_range": "10.96.0.0/16",
            "service_ipv6_range": "",
            "status": "running",
            "timeouts": null
          },
          "sensitive_attributes": [],
          "identity_schema_version": 0,
          "private": "eyJlMmJmYjczMC1lY2FhLTExZTYtOGY4OC0zNDM2M2JjN2M0YzAiOnsiY3JlYXRlIjoxODAwMDAwMDAwMDAwLCJkZWxldGUiOjEyMDAwMDAwMDAwMDAsInJlYWQiOjMwMDAwMDAwMDAwMCwidXBkYXRlIjoxODAwMDAwMDAwMDAwfX0=",
          "dependencies": [
            "yandex_vpc_network.k8s-network",
            "yandex_vpc_route_table.rt",
            "yandex_vpc_subnet.k8s-subnet"
          ]
        }
      ]
    },
    {
      "mode": "managed",
      "type": "yandex_kubernetes_node_group",
      "name": "k8s-nodes",
      "provider": "provider[\"registry.terraform.io/yandex-cloud/yandex\"]",
      "instances": [
        {
          "schema_version": 0,
          "attributes": {
            "allocation_policy": [
              {
                "location": [
                  {
                    "subnet_id": "e9b5pkec9rqf9b1tkc5s",
                    "zone": "ru-central1-a"
                  }
                ]
              }
            ],
            "allowed_unsafe_sysctls": [],
            "cluster_id": "catkbdqtgvomdoeao42k",
            "created_at": "2025-07-27T09:46:46Z",
            "deploy_policy": [
              {
                "max_expansion": 3,
                "max_unavailable": 0
              }
            ],
            "description": "",
            "id": "cathe6rg82vcr1cp0rm3",
            "instance_group_id": "cl1bso2biem259tj9ohm",
            "instance_template": [
              {
                "boot_disk": [
                  {
                    "size": 30,
                    "type": "network-hdd"
                  }
                ],
                "container_network": [
                  {
                    "pod_mtu": 0
                  }
                ],
                "container_runtime": [],
                "gpu_settings": [],
                "labels": {},
                "metadata": {},
                "name": "",
                "nat": true,
                "network_acceleration_type": "type_unspecified",
                "network_interface": [
                  {
                    "ipv4": true,
                    "ipv4_dns_records": [],
                    "ipv6": false,
                    "ipv6_dns_records": [],
                    "nat": true,
                    "security_group_ids": [],
                    "subnet_ids": [
                      "e9b5pkec9rqf9b1tkc5s"
                    ]
                  }
                ],
                "placement_policy": [],
                "platform_id": "standard-v2",
                "resources": [
                  {
                    "core_fraction": 100,
                    "cores": 2,
                    "gpus": 0,
                    "memory": 4
                  }
                ],
                "scheduling_policy": [
                  {
                    "preemptible": true
                  }
                ]
              }
            ],
            "labels": {
              "group": "default"
            },
            "maintenance_policy": [
              {
                "auto_repair": true,
                "auto_upgrade": true,
                "maintenance_window": []
              }
            ],
            "name": "k8s-node-group",
            "node_labels": {
              "env": "dev"
            },
            "node_taints": [],
            "scale_policy": [
              {
                "auto_scale": [],
                "fixed_scale": [
                  {
                    "size": 1
                  }
                ]
              }
            ],
            "status": "running",
            "timeouts": null,
            "version": "1.29",
            "version_info": [
              {
                "current_version": "1.29",
                "new_revision_available": false,
                "new_revision_summary": "",
                "version_deprecated": false
              }
            ]
          },
          "sensitive_attributes": [],
          "identity_schema_version": 0,
          "private": "eyJlMmJmYjczMC1lY2FhLTExZTYtOGY4OC0zNDM2M2JjN2M0YzAiOnsiY3JlYXRlIjozNjAwMDAwMDAwMDAwLCJkZWxldGUiOjEyMDAwMDAwMDAwMDAsInJlYWQiOjYwMDAwMDAwMDAwMCwidXBkYXRlIjozNjAwMDAwMDAwMDAwfX0=",
          "dependencies": [
            "yandex_kubernetes_cluster.k8s-cluster",
            "yandex_vpc_network.k8s-network",
            "yandex_vpc_route_table.rt",
            "yandex_vpc_subnet.k8s-subnet"
          ]
        }
      ]
    },
    {
      "mode": "managed",
      "type": "yandex_vpc_network",
      "name": "k8s-network",
      "provider": "provider[\"registry.terraform.io/yandex-cloud/yandex\"]",
      "instances": [
        {
          "schema_version": 0,
          "attributes": {
            "created_at": "2025-07-23T10:28:08Z",
            "default_security_group_id": "enp567gru3if7tugu0f2",
            "description": "",
            "folder_id": "b1g8bhea8jjaic4ei21d",
            "id": "enpgd7v3b68rchubfcl4",
            "labels": {},
            "name": "k8s-network",
            "subnet_ids": [
              "e9b5pkec9rqf9b1tkc5s",
              "e9bb3g93o32pemabfepr",
              "e9bg2kql5p38iqa7b45c"
            ],
            "timeouts": null
          },
          "sensitive_attributes": [],
          "identity_schema_version": 0,
          "private": "eyJlMmJmYjczMC1lY2FhLTExZTYtOGY4OC0zNDM2M2JjN2M0YzAiOnsiY3JlYXRlIjo2MDAwMDAwMDAwMCwiZGVsZXRlIjo2MDAwMDAwMDAwMCwidXBkYXRlIjo2MDAwMDAwMDAwMH19"
        }
      ]
    },
    {
      "mode": "managed",
      "type": "yandex_vpc_route_table",
      "name": "rt",
      "provider": "provider[\"registry.terraform.io/yandex-cloud/yandex\"]",
      "instances": [
        {
          "schema_version": 0,
          "attributes": {
            "created_at": "2025-07-23T10:28:13Z",
            "description": "",
            "folder_id": "b1g8bhea8jjaic4ei21d",
            "id": "enp6u7d4e2ssfb0d5vfj",
            "labels": {},
            "name": "k8s-route-table",
            "network_id": "enpgd7v3b68rchubfcl4",
            "static_route": [],
            "timeouts": null
          },
          "sensitive_attributes": [],
          "identity_schema_version": 0,
          "private": "eyJlMmJmYjczMC1lY2FhLTExZTYtOGY4OC0zNDM2M2JjN2M0YzAiOnsiY3JlYXRlIjoxODAwMDAwMDAwMDAsImRlbGV0ZSI6MTgwMDAwMDAwMDAwLCJ1cGRhdGUiOjE4MDAwMDAwMDAwMH19",
          "dependencies": [
            "yandex_vpc_network.k8s-network"
          ]
        }
      ]
    },
    {
      "mode": "managed",
      "type": "yandex_vpc_subnet",
      "name": "k8s-subnet",
      "provider": "provider[\"registry.terraform.io/yandex-cloud/yandex\"]",
      "instances": [
        {
          "schema_version": 0,
          "attributes": {
            "created_at": "2025-07-23T10:28:15Z",
            "description": "",
            "dhcp_options": [],
            "folder_id": "b1g8bhea8jjaic4ei21d",
            "id": "e9b5pkec9rqf9b1tkc5s",
            "labels": {},
            "name": "k8s-subnet",
            "network_id": "enpgd7v3b68rchubfcl4",
            "route_table_id": "enp6u7d4e2ssfb0d5vfj",
            "timeouts": null,
            "v4_cidr_blocks": [
              "10.10.0.0/16"
            ],
            "v6_cidr_blocks": [],
            "zone": "ru-central1-a"
          },
          "sensitive_attributes": [],
          "identity_schema_version": 0,
          "private": "eyJlMmJmYjczMC1lY2FhLTExZTYtOGY4OC0zNDM2M2JjN2M0YzAiOnsiY3JlYXRlIjoxODAwMDAwMDAwMDAsImRlbGV0ZSI6MTgwMDAwMDAwMDAwLCJ1cGRhdGUiOjE4MDAwMDAwMDAwMH19",
          "dependencies": [
            "yandex_vpc_network.k8s-network",
            "yandex_vpc_route_table.rt"
          ]
        }
      ]
    }
  ],
  "check_results": null
}
